
Microsoft Visual Studio Solution File, Format Version 12.00
# Visual Studio Version 17
VisualStudioVersion = 17.12.35728.132
MinimumVisualStudioVersion = 10.0.40219.1
Project("{FAE04EC0-301F-11D3-BF4B-00C04F79EFBC}") = "BulkyWeb", "BulkyWeb\BulkyWeb.csproj", "{0F0A69EB-5127-4236-88F2-C09FD9267A48}"
EndProject
Project("{FAE04EC0-301F-11D3-BF4B-00C04F79EFBC}") = "Bulky.DataAccess", "Bulky.DataAccess\Bulky.DataAccess.csproj", "{66BEA397-E434-42EB-9F3B-254CB49275D5}"
EndProject
Project("{FAE04EC0-301F-11D3-BF4B-00C04F79EFBC}") = "Bulky.Models", "Bulky.Models\Bulky.Models.csproj", "{D1603FFC-0A5D-4FEE-8413-36E4BA1100D5}"
EndProject
Project("{FAE04EC0-301F-11D3-BF4B-00C04F79EFBC}") = "Bulky.Utility", "Bulky.Utility\Bulky.Utility.csproj", "{2B0B99F5-0C20-4BA7-BEE3-017B54575F1A}"
EndProject
Global
	GlobalSection(SolutionConfigurationPlatforms) = preSolution
		Debug|Any CPU = Debug|Any CPU
		Release|Any CPU = Release|Any CPU
	EndGlobalSection
	GlobalSection(ProjectConfigurationPlatforms) = postSolution
		{0F0A69EB-5127-4236-88F2-C09FD9267A48}.Debug|Any CPU.ActiveCfg = Debug|Any CPU
		{0F0A69EB-5127-4236-88F2-C09FD9267A48}.Debug|Any CPU.Build.0 = Debug|Any CPU
		{0F0A69EB-5127-4236-88F2-C09FD9267A48}.Release|Any CPU.ActiveCfg = Release|Any CPU
		{0F0A69EB-5127-4236-88F2-C09FD9267A48}.Release|Any CPU.Build.0 = Release|Any CPU
		{66BEA397-E434-42EB-9F3B-254CB49275D5}.Debug|Any CPU.ActiveCfg = Debug|Any CPU
		{66BEA397-E434-42EB-9F3B-254CB49275D5}.Debug|Any CPU.Build.0 = Debug|Any CPU
		{66BEA397-E434-42EB-9F3B-254CB49275D5}.Release|Any CPU.ActiveCfg = Release|Any CPU
		{66BEA397-E434-42EB-9F3B-254CB49275D5}.Release|Any CPU.Build.0 = Release|Any CPU
		{D1603FFC-0A5D-4FEE-8413-36E4BA1100D5}.Debug|Any CPU.ActiveCfg = Debug|Any CPU
		{D1603FFC-0A5D-4FEE-8413-36E4BA1100D5}.Debug|Any CPU.Build.0 = Debug|Any CPU
		{D1603FFC-0A5D-4FEE-8413-36E4BA1100D5}.Release|Any CPU.ActiveCfg = Release|Any CPU
		{D1603FFC-0A5D-4FEE-8413-36E4BA1100D5}.Release|Any CPU.Build.0 = Release|Any CPU
		{2B0B99F5-0C20-4BA7-BEE3-017B54575F1A}.Debug|Any CPU.ActiveCfg = Debug|Any CPU
		{2B0B99F5-0C20-4BA7-BEE3-017B54575F1A}.Debug|Any CPU.Build.0 = Debug|Any CPU
		{2B0B99F5-0C20-4BA7-BEE3-017B54575F1A}.Release|Any CPU.ActiveCfg = Release|Any CPU
		{2B0B99F5-0C20-4BA7-BEE3-017B54575F1A}.Release|Any CPU.Build.0 = Release|Any CPU
	EndGlobalSection
	GlobalSection(SolutionProperties) = preSolution
		HideSolutionNode = FALSE
	EndGlobalSection
	GlobalSection(ExtensibilityGlobals) = postSolution
		SolutionGuid = {93B0E937-72E6-41CF-9806-A9B6DBBF6E9A}
	EndGlobalSection
EndGlobal
